// !$*UTF8*$!
{
	archiveVersion = 1;
	classes = {
	};
	objectVersion = 50;
	objects = {

/* Begin PBXBuildFile section */
		252AE57322E95DB90029524C /* AppDelegate.swift in Sources */ = {isa = PBXBuildFile; fileRef = 252AE57222E95DB90029524C /* AppDelegate.swift */; };
		252AE57522E95DB90029524C /* ViewController.swift in Sources */ = {isa = PBXBuildFile; fileRef = 252AE57422E95DB90029524C /* ViewController.swift */; };
		252AE57822E95DB90029524C /* Main.storyboard in Resources */ = {isa = PBXBuildFile; fileRef = 252AE57622E95DB90029524C /* Main.storyboard */; };
		252AE57A22E95DC50029524C /* Assets.xcassets in Resources */ = {isa = PBXBuildFile; fileRef = 252AE57922E95DC50029524C /* Assets.xcassets */; };
		252AE57D22E95DC50029524C /* LaunchScreen.storyboard in Resources */ = {isa = PBXBuildFile; fileRef = 252AE57B22E95DC50029524C /* LaunchScreen.storyboard */; };
		2544AB0022E937CD00F45DE1 /* AppDelegate.swift in Sources */ = {isa = PBXBuildFile; fileRef = 2544AAFF22E937CD00F45DE1 /* AppDelegate.swift */; };
		2544AB0222E937CD00F45DE1 /* ViewController.swift in Sources */ = {isa = PBXBuildFile; fileRef = 2544AB0122E937CD00F45DE1 /* ViewController.swift */; };
		2544AB0522E937CE00F45DE1 /* Main.storyboard in Resources */ = {isa = PBXBuildFile; fileRef = 2544AB0322E937CE00F45DE1 /* Main.storyboard */; };
		2544AB0722E937CF00F45DE1 /* Assets.xcassets in Resources */ = {isa = PBXBuildFile; fileRef = 2544AB0622E937CF00F45DE1 /* Assets.xcassets */; };
		2544AB0A22E937CF00F45DE1 /* LaunchScreen.storyboard in Resources */ = {isa = PBXBuildFile; fileRef = 2544AB0822E937CF00F45DE1 /* LaunchScreen.storyboard */; };
		2544AB1222E94AFD00F45DE1 /* MovieCell.swift in Sources */ = {isa = PBXBuildFile; fileRef = 2544AB1122E94AFD00F45DE1 /* MovieCell.swift */; };
/* End PBXBuildFile section */

/* Begin PBXFileReference section */
		252AE57022E95DB90029524C /* Async.app */ = {isa = PBXFileReference; explicitFileType = wrapper.application; includeInIndex = 0; path = Async.app; sourceTree = BUILT_PRODUCTS_DIR; };
		252AE57222E95DB90029524C /* AppDelegate.swift */ = {isa = PBXFileReference; lastKnownFileType = sourcecode.swift; path = AppDelegate.swift; sourceTree = "<group>"; };
		252AE57422E95DB90029524C /* ViewController.swift */ = {isa = PBXFileReference; lastKnownFileType = sourcecode.swift; path = ViewController.swift; sourceTree = "<group>"; };
		252AE57722E95DB90029524C /* Base */ = {isa = PBXFileReference; lastKnownFileType = file.storyboard; name = Base; path = Base.lproj/Main.storyboard; sourceTree = "<group>"; };
		252AE57922E95DC50029524C /* Assets.xcassets */ = {isa = PBXFileReference; lastKnownFileType = folder.assetcatalog; path = Assets.xcassets; sourceTree = "<group>"; };
		252AE57C22E95DC50029524C /* Base */ = {isa = PBXFileReference; lastKnownFileType = file.storyboard; name = Base; path = Base.lproj/LaunchScreen.storyboard; sourceTree = "<group>"; };
		252AE57E22E95DC50029524C /* Info.plist */ = {isa = PBXFileReference; lastKnownFileType = text.plist.xml; path = Info.plist; sourceTree = "<group>"; };
		2544AAFC22E937CD00F45DE1 /* ios0725.app */ = {isa = PBXFileReference; explicitFileType = wrapper.application; includeInIndex = 0; path = ios0725.app; sourceTree = BUILT_PRODUCTS_DIR; };
		2544AAFF22E937CD00F45DE1 /* AppDelegate.swift */ = {isa = PBXFileReference; lastKnownFileType = sourcecode.swift; path = AppDelegate.swift; sourceTree = "<group>"; };
		2544AB0122E937CD00F45DE1 /* ViewController.swift */ = {isa = PBXFileReference; lastKnownFileType = sourcecode.swift; path = ViewController.swift; sourceTree = "<group>"; };
		2544AB0422E937CE00F45DE1 /* Base */ = {isa = PBXFileReference; lastKnownFileType = file.storyboard; name = Base; path = Base.lproj/Main.storyboard; sourceTree = "<group>"; };
		2544AB0622E937CF00F45DE1 /* Assets.xcassets */ = {isa = PBXFileReference; lastKnownFileType = folder.assetcatalog; path = Assets.xcassets; sourceTree = "<group>"; };
		2544AB0922E937CF00F45DE1 /* Base */ = {isa = PBXFileReference; lastKnownFileType = file.storyboard; name = Base; path = Base.lproj/LaunchScreen.storyboard; sourceTree = "<group>"; };
		2544AB0B22E937CF00F45DE1 /* Info.plist */ = {isa = PBXFileReference; lastKnownFileType = text.plist.xml; path = Info.plist; sourceTree = "<group>"; };
		2544AB1122E94AFD00F45DE1 /* MovieCell.swift */ = {isa = PBXFileReference; lastKnownFileType = sourcecode.swift; path = MovieCell.swift; sourceTree = "<group>"; };
/* End PBXFileReference section */

/* Begin PBXFrameworksBuildPhase section */
		252AE56D22E95DB90029524C /* Frameworks */ = {
			isa = PBXFrameworksBuildPhase;
			buildActionMask = 2147483647;
			files = (
			);
			runOnlyForDeploymentPostprocessing = 0;
		};
		2544AAF922E937CD00F45DE1 /* Frameworks */ = {
			isa = PBXFrameworksBuildPhase;
			buildActionMask = 2147483647;
			files = (
			);
			runOnlyForDeploymentPostprocessing = 0;
		};
/* End PBXFrameworksBuildPhase section */

/* Begin PBXGroup section */
		252AE57122E95DB90029524C /* Async */ = {
			isa = PBXGroup;
			children = (
				252AE57222E95DB90029524C /* AppDelegate.swift */,
				252AE57422E95DB90029524C /* ViewController.swift */,
				252AE57622E95DB90029524C /* Main.storyboard */,
				252AE57922E95DC50029524C /* Assets.xcassets */,
				252AE57B22E95DC50029524C /* LaunchScreen.storyboard */,
				252AE57E22E95DC50029524C /* Info.plist */,
			);
			path = Async;
			sourceTree = "<group>";
		};
		2544AAF322E937CD00F45DE1 = {
			isa = PBXGroup;
			children = (
				2544AAFE22E937CD00F45DE1 /* ios0725 */,
				252AE57122E95DB90029524C /* Async */,
				2544AAFD22E937CD00F45DE1 /* Products */,
			);
			sourceTree = "<group>";
		};
		2544AAFD22E937CD00F45DE1 /* Products */ = {
			isa = PBXGroup;
			children = (
				2544AAFC22E937CD00F45DE1 /* ios0725.app */,
				252AE57022E95DB90029524C /* Async.app */,
			);
			name = Products;
			sourceTree = "<group>";
		};
		2544AAFE22E937CD00F45DE1 /* ios0725 */ = {
			isa = PBXGroup;
			children = (
				2544AAFF22E937CD00F45DE1 /* AppDelegate.swift */,
				2544AB0122E937CD00F45DE1 /* ViewController.swift */,
				2544AB0322E937CE00F45DE1 /* Main.storyboard */,
				2544AB0622E937CF00F45DE1 /* Assets.xcassets */,
				2544AB0822E937CF00F45DE1 /* LaunchScreen.storyboard */,
				2544AB0B22E937CF00F45DE1 /* Info.plist */,
				2544AB1122E94AFD00F45DE1 /* MovieCell.swift */,
			);
			path = ios0725;
			sourceTree = "<group>";
		};
/* End PBXGroup section */

/* Begin PBXNativeTarget section */
		252AE56F22E95DB90029524C /* Async */ = {
			isa = PBXNativeTarget;
			buildConfigurationList = 252AE58122E95DC50029524C /* Build configuration list for PBXNativeTarget "Async" */;
			buildPhases = (
				252AE56C22E95DB90029524C /* Sources */,
				252AE56D22E95DB90029524C /* Frameworks */,
				252AE56E22E95DB90029524C /* Resources */,
			);
			buildRules = (
			);
			dependencies = (
			);
			name = Async;
			productName = Async;
			productReference = 252AE57022E95DB90029524C /* Async.app */;
			productType = "com.apple.product-type.application";
		};
		2544AAFB22E937CD00F45DE1 /* ios0725 */ = {
			isa = PBXNativeTarget;
			buildConfigurationList = 2544AB0E22E937CF00F45DE1 /* Build configuration list for PBXNativeTarget "ios0725" */;
			buildPhases = (
				2544AAF822E937CD00F45DE1 /* Sources */,
				2544AAF922E937CD00F45DE1 /* Frameworks */,
				2544AAFA22E937CD00F45DE1 /* Resources */,
			);
			buildRules = (
			);
			dependencies = (
			);
			name = ios0725;
			productName = ios0725;
			productReference = 2544AAFC22E937CD00F45DE1 /* ios0725.app */;
			productType = "com.apple.product-type.application";
		};
/* End PBXNativeTarget section */

/* Begin PBXProject section */
		2544AAF422E937CD00F45DE1 /* Project object */ = {
			isa = PBXProject;
			attributes = {
				LastSwiftUpdateCheck = 1020;
				LastUpgradeCheck = 1020;
				ORGANIZATIONNAME = 503_18;
				TargetAttributes = {
					252AE56F22E95DB90029524C = {
						CreatedOnToolsVersion = 10.2.1;
					};
					2544AAFB22E937CD00F45DE1 = {
						CreatedOnToolsVersion = 10.2.1;
					};
				};
			};
			buildConfigurationList = 2544AAF722E937CD00F45DE1 /* Build configuration list for PBXProject "ios0725" */;
			compatibilityVersion = "Xcode 9.3";
			developmentRegion = en;
			hasScannedForEncodings = 0;
			knownRegions = (
				en,
				Base,
			);
			mainGroup = 2544AAF322E937CD00F45DE1;
			productRefGroup = 2544AAFD22E937CD00F45DE1 /* Products */;
			projectDirPath = "";
			projectRoot = "";
			targets = (
				2544AAFB22E937CD00F45DE1 /* ios0725 */,
				252AE56F22E95DB90029524C /* Async */,
			);
		};
/* End PBXProject section */

/* Begin PBXResourcesBuildPhase section */
		252AE56E22E95DB90029524C /* Resources */ = {
			isa = PBXResourcesBuildPhase;
			buildActionMask = 2147483647;
			files = (
				252AE57D22E95DC50029524C /* LaunchScreen.storyboard in Resources */,
				252AE57A22E95DC50029524C /* Assets.xcassets in Resources */,
				252AE57822E95DB90029524C /* Main.storyboard in Resources */,
			);
			runOnlyForDeploymentPostprocessing = 0;
		};
		2544AAFA22E937CD00F45DE1 /* Resources */ = {
			isa = PBXResourcesBuildPhase;
			buildActionMask = 2147483647;
			files = (
				2544AB0A22E937CF00F45DE1 /* LaunchScreen.storyboard in Resources */,
				2544AB0722E937CF00F45DE1 /* Assets.xcassets in Resources */,
				2544AB0522E937CE00F45DE1 /* Main.storyboard in Resources */,
			);
			runOnlyForDeploymentPostprocessing = 0;
		};
/* End PBXResourcesBuildPhase section */

/* Begin PBXSourcesBuildPhase section */
		252AE56C22E95DB90029524C /* Sources */ = {
			isa = PBXSourcesBuildPhase;
			buildActionMask = 2147483647;
			files = (
				252AE57522E95DB90029524C /* ViewController.swift in Sources */,
				252AE57322E95DB90029524C /* AppDelegate.swift in Sources */,
			);
			runOnlyForDeploymentPostprocessing = 0;
		};
		2544AAF822E937CD00F45DE1 /* Sources */ = {
			isa = PBXSourcesBuildPhase;
			buildActionMask = 2147483647;
			files = (
				2544AB0222E937CD00F45DE1 /* ViewController.swift in Sources */,
				2544AB0022E937CD00F45DE1 /* AppDelegate.swift in Sources */,
				2544AB1222E94AFD00F45DE1 /* MovieCell.swift in Sources */,
			);
			runOnlyForDeploymentPostprocessing = 0;
		};
/* End PBXSourcesBuildPhase section */

/* Begin PBXVariantGroup section */
		252AE57622E95DB90029524C /* Main.storyboard */ = {
			isa = PBXVariantGroup;
			children = (
				252AE57722E95DB90029524C /* Base */,
			);
			name = Main.storyboard;
			sourceTree = "<group>";
		};
		252AE57B22E95DC50029524C /* LaunchScreen.storyboard */ = {
			isa = PBXVariantGroup;
			children = (
				252AE57C22E95DC50029524C /* Base */,
			);
			name = LaunchScreen.storyboard;
			sourceTree = "<group>";
		};
		2544AB0322E937CE00F45DE1 /* Main.storyboard */ = {
			isa = PBXVariantGroup;
			children = (
				2544AB0422E937CE00F45DE1 /* Base */,
			);
			name = Main.storyboard;
			sourceTree = "<group>";
		};
		2544AB0822E937CF00F45DE1 /* LaunchScreen.storyboard */ = {
			isa = PBXVariantGroup;
			children = (
				2544AB0922E937CF00F45DE1 /* Base */,
			);
			name = LaunchScreen.storyboard;
			sourceTree = "<group>";
		};
/* End PBXVariantGroup section */

/* Begin XCBuildConfiguration section */
		252AE57F22E95DC50029524C /* Debug */ = {
			isa = XCBuildConfiguration;
			buildSettings = {
				ASSETCATALOG_COMPILER_APPICON_NAME = AppIcon;
				CODE_SIGN_STYLE = Automatic;
				INFOPLIST_FILE = Async/Info.plist;
				LD_RUNPATH_SEARCH_PATHS = (
					"$(inherited)",
					"@executable_path/Frameworks",
				);
				PRODUCT_BUNDLE_IDENTIFIER = com.week.lightapp.Async;
				PRODUCT_NAME = "$(TARGET_NAME)";
				SWIFT_VERSION = 5.0;
				TARGETED_DEVICE_FAMILY = "1,2";
			};
			name = Debug;
		};
		252AE58022E95DC50029524C /* Release */ = {
			isa = XCBuildConfiguration;
			buildSettings = {
				ASSETCATALOG_COMPILER_APPICON_NAME = AppIcon;
				CODE_SIGN_STYLE = Automatic;
				INFOPLIST_FILE = Async/Info.plist;
				LD_RUNPATH_SEARCH_PATHS = (
					"$(inherited)",
					"@executable_path/Frameworks",
				);
				PRODUCT_BUNDLE_IDENTIFIER = com.week.lightapp.Async;
				PRODUCT_NAME = "$(TARGET_NAME)";
				SWIFT_VERSION = 5.0;
				TARGETED_DEVICE_FAMILY = "1,2";
			};
			name = Release;
		};
		2544AB0C22E937CF00F45DE1 /* Debug */ = {
			isa = XCBuildConfiguration;
			buildSettings = {
				ALWAYS_SEARCH_USER_PATHS = NO;
				CLANG_ANALYZER_NONNULL = YES;
				CLANG_ANALYZER_NUMBER_OBJECT_CONVERSION = YES_AGGRESSIVE;
				CLANG_CXX_LANGUAGE_STANDARD = "gnu++14";
				CLANG_CXX_LIBRARY = "libc++";
				CLANG_ENABLE_MODULES = YES;
				CLANG_ENABLE_OBJC_ARC = YES;
				CLANG_ENABLE_OBJC_WEAK = YES;
				CLANG_WARN_BLOCK_CAPTURE_AUTORELEASING = YES;
				CLANG_WARN_BOOL_CONVERSION = YES;
				CLANG_WARN_COMMA = YES;
				CLANG_WARN_CONSTANT_CONVERSION = YES;
				CLANG_WARN_DEPRECATED_OBJC_IMPLEMENTATIONS = YES;
				CLANG_WARN_DIRECT_OBJC_ISA_USAGE = YES_ERROR;
				CLANG_WARN_DOCUMENTATION_COMMENTS = YES;
				CLANG_WARN_EMPTY_BODY = YES;
				CLANG_WARN_ENUM_CONVERSION = YES;
				CLANG_WARN_INFINITE_RECURSION = YES;
				CLANG_WARN_INT_CONVERSION = YES;
				CLANG_WARN_NON_LITERAL_NULL_CONVERSION = YES;
				CLANG_WARN_OBJC_IMPLICIT_RETAIN_SELF = YES;
				CLANG_WARN_OBJC_LITERAL_CONVERSION = YES;
				CLANG_WARN_OBJC_ROOT_CLASS = YES_ERROR;
				CLANG_WARN_RANGE_LOOP_ANALYSIS = YES;
				CLANG_WARN_STRICT_PROTOTYPES = YES;
				CLANG_WARN_SUSPICIOUS_MOVE = YES;
				CLANG_WARN_UNGUARDED_AVAILABILITY = YES_AGGRESSIVE;
				CLANG_WARN_UNREACHABLE_CODE = YES;
				CLANG_WARN__DUPLICATE_METHOD_MATCH = YES;
				CODE_SIGN_IDENTITY = "iPhone Developer";
				COPY_PHASE_STRIP = NO;
				DEBUG_INFORMATION_FORMAT = dwarf;
				ENABLE_STRICT_OBJC_MSGSEND = YES;
				ENABLE_TESTABILITY = YES;
				GCC_C_LANGUAGE_STANDARD = gnu11;
				GCC_DYNAMIC_NO_PIC = NO;
				GCC_NO_COMMON_BLOCKS = YES;
				GCC_OPTIMIZATION_LEVEL = 0;
				GCC_PREPROCESSOR_DEFINITIONS = (
					"DEBUG=1",
					"$(inherited)",
				);
				GCC_WARN_64_TO_32_BIT_CONVERSION = YES;
				GCC_WARN_ABOUT_RETURN_TYPE = YES_ERROR;
				GCC_WARN_UNDECLARED_SELECTOR = YES;
				GCC_WARN_UNINITIALIZED_AUTOS = YES_AGGRESSIVE;
				GCC_WARN_UNUSED_FUNCTION = YES;
				GCC_WARN_UNUSED_VARIABLE = YES;
				IPHONEOS_DEPLOYMENT_TARGET = 12.2;
				MTL_ENABLE_DEBUG_INFO = INCLUDE_SOURCE;
				MTL_FAST_MATH = YES;
				ONLY_ACTIVE_ARCH = YES;
				SDKROOT = iphoneos;
				SWIFT_ACTIVE_COMPILATION_CONDITIONS = DEBUG;
				SWIFT_OPTIMIZATION_LEVEL = "-Onone";
			};
			name = Debug;
		};
		2544AB0D22E937CF00F45DE1 /* Release */ = {
			isa = XCBuildConfiguration;
			buildSettings = {
				ALWAYS_SEARCH_USER_PATHS = NO;
				CLANG_ANALYZER_NONNULL = YES;
				CLANG_ANALYZER_NUMBER_OBJECT_CONVERSION = YES_AGGRESSIVE;
				CLANG_CXX_LANGUAGE_STANDARD = "gnu++14";
				CLANG_CXX_LIBRARY = "libc++";
				CLANG_ENABLE_MODULES = YES;
				CLANG_ENABLE_OBJC_ARC = YES;
				CLANG_ENABLE_OBJC_WEAK = YES;
				CLANG_WARN_BLOCK_CAPTURE_AUTORELEASING = YES;
				CLANG_WARN_BOOL_CONVERSION = YES;
				CLANG_WARN_COMMA = YES;
				CLANG_WARN_CONSTANT_CONVERSION = YES;
				CLANG_WARN_DEPRECATED_OBJC_IMPLEMENTATIONS = YES;
				CLANG_WARN_DIRECT_OBJC_ISA_USAGE = YES_ERROR;
				CLANG_WARN_DOCUMENTATION_COMMENTS = YES;
				CLANG_WARN_EMPTY_BODY = YES;
				CLANG_WARN_ENUM_CONVERSION = YES;
				CLANG_WARN_INFINITE_RECURSION = YES;
				CLANG_WARN_INT_CONVERSION = YES;
				CLANG_WARN_NON_LITERAL_NULL_CONVERSION = YES;
				CLANG_WARN_OBJC_IMPLICIT_RETAIN_SELF = YES;
				CLANG_WARN_OBJC_LITERAL_CONVERSION = YES;
				CLANG_WARN_OBJC_ROOT_CLASS = YES_ERROR;
				CLANG_WARN_RANGE_LOOP_ANALYSIS = YES;
				CLANG_WARN_STRICT_PROTOTYPES = YES;
				CLANG_WARN_SUSPICIOUS_MOVE = YES;
				CLANG_WARN_UNGUARDED_AVAILABILITY = YES_AGGRESSIVE;
				CLANG_WARN_UNREACHABLE_CODE = YES;
				CLANG_WARN__DUPLICATE_METHOD_MATCH = YES;
				CODE_SIGN_IDENTITY = "iPhone Developer";
				COPY_PHASE_STRIP = NO;
				DEBUG_INFORMATION_FORMAT = "dwarf-with-dsym";
				ENABLE_NS_ASSERTIONS = NO;
				ENABLE_STRICT_OBJC_MSGSEND = YES;
				GCC_C_LANGUAGE_STANDARD = gnu11;
				GCC_NO_COMMON_BLOCKS = YES;
				GCC_WARN_64_TO_32_BIT_CONVERSION = YES;
				GCC_WARN_ABOUT_RETURN_TYPE = YES_ERROR;
				GCC_WARN_UNDECLARED_SELECTOR = YES;
				GCC_WARN_UNINITIALIZED_AUTOS = YES_AGGRESSIVE;
				GCC_WARN_UNUSED_FUNCTION = YES;
				GCC_WARN_UNUSED_VARIABLE = YES;
				IPHONEOS_DEPLOYMENT_TARGET = 12.2;
				MTL_ENABLE_DEBUG_INFO = NO;
				MTL_FAST_MATH = YES;
				SDKROOT = iphoneos;
				SWIFT_COMPILATION_MODE = wholemodule;
				SWIFT_OPTIMIZATION_LEVEL = "-O";
				VALIDATE_PRODUCT = YES;
			};
			name = Release;
		};
		2544AB0F22E937CF00F45DE1 /* Debug */ = {
			isa = XCBuildConfiguration;
			buildSettings = {
				ASSETCATALOG_COMPILER_APPICON_NAME = AppIcon;
				CODE_SIGN_STYLE = Automatic;
				INFOPLIST_FILE = ios0725/Info.plist;
				LD_RUNPATH_SEARCH_PATHS = (
					"$(inherited)",
					"@executable_path/Frameworks",
				);
				PRODUCT_BUNDLE_IDENTIFIER = com.week.lightapp.ios0725;
				PRODUCT_NAME = "$(TARGET_NAME)";
				SWIFT_VERSION = 5.0;
				TARGETED_DEVICE_FAMILY = "1,2";
			};
			name = Debug;
		};
		2544AB1022E937CF00F45DE1 /* Release */ = {
			isa = XCBuildConfiguration;
			buildSettings = {
				ASSETCATALOG_COMPILER_APPICON_NAME = AppIcon;
				CODE_SIGN_STYLE = Automatic;
				INFOPLIST_FILE = ios0725/Info.plist;
				LD_RUNPATH_SEARCH_PATHS = (
					"$(inherited)",
					"@executable_path/Frameworks",
				);
				PRODUCT_BUNDLE_IDENTIFIER = com.week.lightapp.ios0725;
				PRODUCT_NAME = "$(TARGET_NAME)";
				SWIFT_VERSION = 5.0;
				TARGETED_DEVICE_FAMILY = "1,2";
			};
			name = Release;
		};
/* End XCBuildConfiguration section */

/* Begin XCConfigurationList section */
		252AE58122E95DC50029524C /* Build configuration list for PBXNativeTarget "Async" */ = {
			isa = XCConfigurationList;
			buildConfigurations = (
				252AE57F22E95DC50029524C /* Debug */,
				252AE58022E95DC50029524C /* Release */,
			);
			defaultConfigurationIsVisible = 0;
			defaultConfigurationName = Release;
		};
		2544AAF722E937CD00F45DE1 /* Build configuration list for PBXProject "ios0725" */ = {
			isa = XCConfigurationList;
			buildConfigurations = (
				2544AB0C22E937CF00F45DE1 /* Debug */,
				2544AB0D22E937CF00F45DE1 /* Release */,
			);
			defaultConfigurationIsVisible = 0;
			defaultConfigurationName = Release;
		};
		2544AB0E22E937CF00F45DE1 /* Build configuration list for PBXNativeTarget "ios0725" */ = {
			isa = XCConfigurationList;
			buildConfigurations = (
				2544AB0F22E937CF00F45DE1 /* Debug */,
				2544AB1022E937CF00F45DE1 /* Release */,
			);
			defaultConfigurationIsVisible = 0;
			defaultConfigurationName = Release;
		};
/* End XCConfigurationList section */
	};
	rootObject = 2544AAF422E937CD00F45DE1 /* Project object */;
}
